
Microsoft Visual Studio Solution File, Format Version 12.00
# Visual Studio Version 17
VisualStudioVersion = 17.13.35806.99 d17.13
MinimumVisualStudioVersion = 10.0.40219.1
Project("{FAE04EC0-301F-11D3-BF4B-00C04F79EFBC}") = "MeuLeitorDeTexto", "MeuLeitorDeTexto\MeuLeitorDeTexto.csproj", "{2753A166-5CA2-48C5-94E0-A020F49D56B6}"
EndProject
Global
	GlobalSection(SolutionConfigurationPlatforms) = preSolution
		Debug|Any CPU = Debug|Any CPU
		Release|Any CPU = Release|Any CPU
	EndGlobalSection
	GlobalSection(ProjectConfigurationPlatforms) = postSolution
		{2753A166-5CA2-48C5-94E0-A020F49D56B6}.Debug|Any CPU.ActiveCfg = Debug|Any CPU
		{2753A166-5CA2-48C5-94E0-A020F49D56B6}.Debug|Any CPU.Build.0 = Debug|Any CPU
		{2753A166-5CA2-48C5-94E0-A020F49D56B6}.Release|Any CPU.ActiveCfg = Release|Any CPU
		{2753A166-5CA2-48C5-94E0-A020F49D56B6}.Release|Any CPU.Build.0 = Release|Any CPU
	EndGlobalSection
	GlobalSection(SolutionProperties) = preSolution
		HideSolutionNode = FALSE
	EndGlobalSection
	GlobalSection(ExtensibilityGlobals) = postSolution
		SolutionGuid = {0066A17C-6E75-4407-BEC1-C0E5297E45DB}
	EndGlobalSection
EndGlobal
